
Microsoft Visual Studio Solution File, Format Version 12.00
# Visual Studio Version 17
VisualStudioVersion = 17.14.36221.1 d17.14
MinimumVisualStudioVersion = 10.0.40219.1
Project("{FAE04EC0-301F-11D3-BF4B-00C04F79EFBC}") = "Task3", "Task3\Task3.csproj", "{8629EAFB-9D53-49B1-B5CC-97750FAA6702}"
EndProject
Global
	GlobalSection(SolutionConfigurationPlatforms) = preSolution
		Debug|Any CPU = Debug|Any CPU
		Release|Any CPU = Release|Any CPU
	EndGlobalSection
	GlobalSection(ProjectConfigurationPlatforms) = postSolution
		{8629EAFB-9D53-49B1-B5CC-97750FAA6702}.Debug|Any CPU.ActiveCfg = Debug|Any CPU
		{8629EAFB-9D53-49B1-B5CC-97750FAA6702}.Debug|Any CPU.Build.0 = Debug|Any CPU
		{8629EAFB-9D53-49B1-B5CC-97750FAA6702}.Release|Any CPU.ActiveCfg = Release|Any CPU
		{8629EAFB-9D53-49B1-B5CC-97750FAA6702}.Release|Any CPU.Build.0 = Release|Any CPU
	EndGlobalSection
	GlobalSection(SolutionProperties) = preSolution
		HideSolutionNode = FALSE
	EndGlobalSection
	GlobalSection(ExtensibilityGlobals) = postSolution
		SolutionGuid = {05CC0216-8136-4682-AA6F-C1D2A6CF2064}
	EndGlobalSection
EndGlobal
