
Microsoft Visual Studio Solution File, Format Version 12.00
# Visual Studio Version 17
VisualStudioVersion = 17.14.36221.1 d17.14
MinimumVisualStudioVersion = 10.0.40219.1
Project("{FAE04EC0-301F-11D3-BF4B-00C04F79EFBC}") = "Day2", "Day2\Day2.csproj", "{7D155594-CC1E-4D83-A0A4-DC1D0F2E4FBF}"
EndProject
Global
	GlobalSection(SolutionConfigurationPlatforms) = preSolution
		Debug|Any CPU = Debug|Any CPU
		Release|Any CPU = Release|Any CPU
	EndGlobalSection
	GlobalSection(ProjectConfigurationPlatforms) = postSolution
		{7D155594-CC1E-4D83-A0A4-DC1D0F2E4FBF}.Debug|Any CPU.ActiveCfg = Debug|Any CPU
		{7D155594-CC1E-4D83-A0A4-DC1D0F2E4FBF}.Debug|Any CPU.Build.0 = Debug|Any CPU
		{7D155594-CC1E-4D83-A0A4-DC1D0F2E4FBF}.Release|Any CPU.ActiveCfg = Release|Any CPU
		{7D155594-CC1E-4D83-A0A4-DC1D0F2E4FBF}.Release|Any CPU.Build.0 = Release|Any CPU
	EndGlobalSection
	GlobalSection(SolutionProperties) = preSolution
		HideSolutionNode = FALSE
	EndGlobalSection
	GlobalSection(ExtensibilityGlobals) = postSolution
		SolutionGuid = {E27C069C-0A2D-49E2-969C-F9383CCCBC65}
	EndGlobalSection
EndGlobal
